
Microsoft Visual Studio Solution File, Format Version 12.00
# Visual Studio 14
VisualStudioVersion = 14.0.24720.0
MinimumVisualStudioVersion = 10.0.40219.1
Project("{FAE04EC0-301F-11D3-BF4B-00C04F79EFBC}") = "WebApplication1", "WebApplication1\WebApplication1.csproj", "{572E3270-70EA-473E-BB90-BAE82AD0B926}"
EndProject
Project("{FAE04EC0-301F-11D3-BF4B-00C04F79EFBC}") = "DBMigration", "DBMigration\DBMigration.csproj", "{3A75FC08-2E8B-467E-9A8D-1510CBA22C06}"
EndProject
Global
	GlobalSection(SolutionConfigurationPlatforms) = preSolution
		Debug|Any CPU = Debug|Any CPU
		Release|Any CPU = Release|Any CPU
	EndGlobalSection
	GlobalSection(ProjectConfigurationPlatforms) = postSolution
		{572E3270-70EA-473E-BB90-BAE82AD0B926}.Debug|Any CPU.ActiveCfg = Debug|Any CPU
		{572E3270-70EA-473E-BB90-BAE82AD0B926}.Debug|Any CPU.Build.0 = Debug|Any CPU
		{572E3270-70EA-473E-BB90-BAE82AD0B926}.Release|Any CPU.ActiveCfg = Release|Any CPU
		{572E3270-70EA-473E-BB90-BAE82AD0B926}.Release|Any CPU.Build.0 = Release|Any CPU
		{3A75FC08-2E8B-467E-9A8D-1510CBA22C06}.Debug|Any CPU.ActiveCfg = Debug|Any CPU
		{3A75FC08-2E8B-467E-9A8D-1510CBA22C06}.Debug|Any CPU.Build.0 = Debug|Any CPU
		{3A75FC08-2E8B-467E-9A8D-1510CBA22C06}.Release|Any CPU.ActiveCfg = Release|Any CPU
		{3A75FC08-2E8B-467E-9A8D-1510CBA22C06}.Release|Any CPU.Build.0 = Release|Any CPU
	EndGlobalSection
	GlobalSection(SolutionProperties) = preSolution
		HideSolutionNode = FALSE
	EndGlobalSection
EndGlobal
